
Microsoft Visual Studio Solution File, Format Version 12.00
# Visual Studio Version 17
VisualStudioVersion = 17.4.33213.308
MinimumVisualStudioVersion = 10.0.40219.1
Project("{888888A0-9F3D-457C-B088-3A5042F75D52}") = "HideAndSeekBotTestRotationBot", "HideAndSeekBotTestRotationBot\HideAndSeekBotTestRotationBot.pyproj", "{4A0A74AA-8760-4C44-851B-8A7C57F7192F}"
EndProject
Global
	GlobalSection(SolutionConfigurationPlatforms) = preSolution
		Debug|Any CPU = Debug|Any CPU
		Release|Any CPU = Release|Any CPU
	EndGlobalSection
	GlobalSection(ProjectConfigurationPlatforms) = postSolution
		{4A0A74AA-8760-4C44-851B-8A7C57F7192F}.Debug|Any CPU.ActiveCfg = Debug|Any CPU
		{4A0A74AA-8760-4C44-851B-8A7C57F7192F}.Release|Any CPU.ActiveCfg = Release|Any CPU
	EndGlobalSection
	GlobalSection(SolutionProperties) = preSolution
		HideSolutionNode = FALSE
	EndGlobalSection
	GlobalSection(ExtensibilityGlobals) = postSolution
		SolutionGuid = {2D9B60E8-5999-4501-8006-7F513D28B793}
	EndGlobalSection
EndGlobal
